// !$*UTF8*$!
{
	archiveVersion = 1;
	classes = {
	};
	objectVersion = 46;
	objects = {

/* Begin PBXBuildFile section */
		5E30D3AB1DB0388B0092AA5F /* SwiftyJSON.framework in Frameworks */ = {isa = PBXBuildFile; fileRef = 5E30D3AA1DB0388B0092AA5F /* SwiftyJSON.framework */; };
		5E4C9EB51DB5650B0086B302 /* AppDelegate.swift in Sources */ = {isa = PBXBuildFile; fileRef = 5E4C9EA81DB5650B0086B302 /* AppDelegate.swift */; };
		5E4C9EB61DB5650B0086B302 /* Assets.xcassets in Resources */ = {isa = PBXBuildFile; fileRef = 5E4C9EA91DB5650B0086B302 /* Assets.xcassets */; };
		5E4C9EB71DB5650B0086B302 /* LaunchScreen.storyboard in Resources */ = {isa = PBXBuildFile; fileRef = 5E4C9EAA1DB5650B0086B302 /* LaunchScreen.storyboard */; };
		5E4C9EB81DB5650B0086B302 /* Main.storyboard in Resources */ = {isa = PBXBuildFile; fileRef = 5E4C9EAC1DB5650B0086B302 /* Main.storyboard */; };
		5E4C9EB91DB5650B0086B302 /* DetailViewController.swift in Sources */ = {isa = PBXBuildFile; fileRef = 5E4C9EAE1DB5650B0086B302 /* DetailViewController.swift */; };
		5E4C9EBA1DB5650B0086B302 /* IJReachability.swift in Sources */ = {isa = PBXBuildFile; fileRef = 5E4C9EAF1DB5650B0086B302 /* IJReachability.swift */; };
		5E4C9EBB1DB5650B0086B302 /* Info.plist in Resources */ = {isa = PBXBuildFile; fileRef = 5E4C9EB01DB5650B0086B302 /* Info.plist */; };
		5E4C9EBC1DB5650B0086B302 /* Movie.swift in Sources */ = {isa = PBXBuildFile; fileRef = 5E4C9EB11DB5650B0086B302 /* Movie.swift */; };
		5E4C9EBD1DB5650B0086B302 /* MovieCell.swift in Sources */ = {isa = PBXBuildFile; fileRef = 5E4C9EB21DB5650B0086B302 /* MovieCell.swift */; };
		5E4C9EBE1DB5650B0086B302 /* MovieGridCell.swift in Sources */ = {isa = PBXBuildFile; fileRef = 5E4C9EB31DB5650B0086B302 /* MovieGridCell.swift */; };
		5E4C9EBF1DB5650B0086B302 /* MoviesViewController.swift in Sources */ = {isa = PBXBuildFile; fileRef = 5E4C9EB41DB5650B0086B302 /* MoviesViewController.swift */; };
		5E4C9EC11DB565310086B302 /* KVNProgress.framework in Frameworks */ = {isa = PBXBuildFile; fileRef = 5E4C9EC01DB565310086B302 /* KVNProgress.framework */; };
		5E4C9EC31DB567140086B302 /* AFNetworking.framework in Frameworks */ = {isa = PBXBuildFile; fileRef = 5E4C9EC21DB567140086B302 /* AFNetworking.framework */; };
		5E4C9EC51DB5671B0086B302 /* Pods_Flicks.framework in Frameworks */ = {isa = PBXBuildFile; fileRef = 5E4C9EC41DB5671B0086B302 /* Pods_Flicks.framework */; };
		5E4C9EE01DB57E420086B302 /* Extensions.swift in Sources */ = {isa = PBXBuildFile; fileRef = 5E4C9EDF1DB57E420086B302 /* Extensions.swift */; };
		5E4C9EE21DB5A9420086B302 /* AppDelegateExtension.swift in Sources */ = {isa = PBXBuildFile; fileRef = 5E4C9EE11DB5A9420086B302 /* AppDelegateExtension.swift */; };
		5E4C9EE41DB5AB1E0086B302 /* MoviesTableViewExtension.swift in Sources */ = {isa = PBXBuildFile; fileRef = 5E4C9EE31DB5AB1E0086B302 /* MoviesTableViewExtension.swift */; };
		5E4C9EE61DB5AB950086B302 /* MoviesCollectionViewExtension.swift in Sources */ = {isa = PBXBuildFile; fileRef = 5E4C9EE51DB5AB950086B302 /* MoviesCollectionViewExtension.swift */; };
		5E4C9EE81DB5AD090086B302 /* MoviesScrollViewExtension.swift in Sources */ = {isa = PBXBuildFile; fileRef = 5E4C9EE71DB5AD090086B302 /* MoviesScrollViewExtension.swift */; };
/* End PBXBuildFile section */

/* Begin PBXFileReference section */
		0A16CC4F927015F320B7BCFF /* Pods_Flicks.framework */ = {isa = PBXFileReference; explicitFileType = wrapper.framework; includeInIndex = 0; path = Pods_Flicks.framework; sourceTree = BUILT_PRODUCTS_DIR; };
		1B8527273BB3722D637E87A4 /* Pods-Flicks.release.xcconfig */ = {isa = PBXFileReference; includeInIndex = 1; lastKnownFileType = text.xcconfig; name = "Pods-Flicks.release.xcconfig"; path = "Pods/Target Support Files/Pods-Flicks/Pods-Flicks.release.xcconfig"; sourceTree = "<group>"; };
		2B6E7A003D865597A1570501 /* Pods-Flicks.debug.xcconfig */ = {isa = PBXFileReference; includeInIndex = 1; lastKnownFileType = text.xcconfig; name = "Pods-Flicks.debug.xcconfig"; path = "Pods/Target Support Files/Pods-Flicks/Pods-Flicks.debug.xcconfig"; sourceTree = "<group>"; };
		5E30D3931DB036C30092AA5F /* Flicks.app */ = {isa = PBXFileReference; explicitFileType = wrapper.application; includeInIndex = 0; path = Flicks.app; sourceTree = BUILT_PRODUCTS_DIR; };
		5E30D3A81DB038870092AA5F /* AFNetworking.framework */ = {isa = PBXFileReference; lastKnownFileType = wrapper.framework; name = AFNetworking.framework; path = "Pods/../build/Debug-iphoneos/AFNetworking/AFNetworking.framework"; sourceTree = "<group>"; };
		5E30D3AA1DB0388B0092AA5F /* SwiftyJSON.framework */ = {isa = PBXFileReference; lastKnownFileType = wrapper.framework; name = SwiftyJSON.framework; path = "../../../../Library/Developer/Xcode/DerivedData/Flicks-dbewfyyzarrzwkbiecqrpvsvetze/Build/Products/Debug-iphonesimulator/SwiftyJSON/SwiftyJSON.framework"; sourceTree = "<group>"; };
		5E30D3B21DB2AE520092AA5F /* ARSLineProgress.framework */ = {isa = PBXFileReference; lastKnownFileType = wrapper.framework; name = ARSLineProgress.framework; path = "../../../../Library/Developer/Xcode/DerivedData/Flicks-dbewfyyzarrzwkbiecqrpvsvetze/Build/Products/Debug-iphonesimulator/ARSLineProgress/ARSLineProgress.framework"; sourceTree = "<group>"; };
		5E30D3B41DB2B4950092AA5F /* KVNProgress.framework */ = {isa = PBXFileReference; lastKnownFileType = wrapper.framework; name = KVNProgress.framework; path = "Pods/../build/Debug-iphoneos/KVNProgress/KVNProgress.framework"; sourceTree = "<group>"; };
		5E4C9EA81DB5650B0086B302 /* AppDelegate.swift */ = {isa = PBXFileReference; fileEncoding = 4; lastKnownFileType = sourcecode.swift; path = AppDelegate.swift; sourceTree = "<group>"; };
		5E4C9EA91DB5650B0086B302 /* Assets.xcassets */ = {isa = PBXFileReference; lastKnownFileType = folder.assetcatalog; path = Assets.xcassets; sourceTree = "<group>"; };
		5E4C9EAB1DB5650B0086B302 /* Base */ = {isa = PBXFileReference; lastKnownFileType = file.storyboard; name = Base; path = Base.lproj/LaunchScreen.storyboard; sourceTree = "<group>"; };
		5E4C9EAD1DB5650B0086B302 /* Base */ = {isa = PBXFileReference; lastKnownFileType = file.storyboard; name = Base; path = Base.lproj/Main.storyboard; sourceTree = "<group>"; };
		5E4C9EAE1DB5650B0086B302 /* DetailViewController.swift */ = {isa = PBXFileReference; fileEncoding = 4; lastKnownFileType = sourcecode.swift; path = DetailViewController.swift; sourceTree = "<group>"; };
		5E4C9EAF1DB5650B0086B302 /* IJReachability.swift */ = {isa = PBXFileReference; fileEncoding = 4; lastKnownFileType = sourcecode.swift; path = IJReachability.swift; sourceTree = "<group>"; };
		5E4C9EB01DB5650B0086B302 /* Info.plist */ = {isa = PBXFileReference; fileEncoding = 4; lastKnownFileType = text.plist.xml; path = Info.plist; sourceTree = "<group>"; };
		5E4C9EB11DB5650B0086B302 /* Movie.swift */ = {isa = PBXFileReference; fileEncoding = 4; lastKnownFileType = sourcecode.swift; path = Movie.swift; sourceTree = "<group>"; };
		5E4C9EB21DB5650B0086B302 /* MovieCell.swift */ = {isa = PBXFileReference; fileEncoding = 4; lastKnownFileType = sourcecode.swift; path = MovieCell.swift; sourceTree = "<group>"; };
		5E4C9EB31DB5650B0086B302 /* MovieGridCell.swift */ = {isa = PBXFileReference; fileEncoding = 4; lastKnownFileType = sourcecode.swift; path = MovieGridCell.swift; sourceTree = "<group>"; };
		5E4C9EB41DB5650B0086B302 /* MoviesViewController.swift */ = {isa = PBXFileReference; fileEncoding = 4; lastKnownFileType = sourcecode.swift; path = MoviesViewController.swift; sourceTree = "<group>"; };
		5E4C9EC01DB565310086B302 /* KVNProgress.framework */ = {isa = PBXFileReference; lastKnownFileType = wrapper.framework; name = KVNProgress.framework; path = "../../../../Library/Developer/Xcode/DerivedData/Flicks-dmnpaptdbesbhnddxmdnqsoziocu/Build/Products/Debug-iphonesimulator/KVNProgress/KVNProgress.framework"; sourceTree = "<group>"; };
		5E4C9EC21DB567140086B302 /* AFNetworking.framework */ = {isa = PBXFileReference; lastKnownFileType = wrapper.framework; name = AFNetworking.framework; path = "../../../../Library/Developer/Xcode/DerivedData/Flicks-dmnpaptdbesbhnddxmdnqsoziocu/Build/Products/Debug-iphonesimulator/AFNetworking/AFNetworking.framework"; sourceTree = "<group>"; };
		5E4C9EC41DB5671B0086B302 /* Pods_Flicks.framework */ = {isa = PBXFileReference; lastKnownFileType = wrapper.framework; name = Pods_Flicks.framework; path = "../../../../Library/Developer/Xcode/DerivedData/Flicks-dmnpaptdbesbhnddxmdnqsoziocu/Build/Products/Debug-iphonesimulator/Pods_Flicks.framework"; sourceTree = "<group>"; };
		5E4C9EDF1DB57E420086B302 /* Extensions.swift */ = {isa = PBXFileReference; fileEncoding = 4; lastKnownFileType = sourcecode.swift; path = Extensions.swift; sourceTree = "<group>"; };
		5E4C9EE11DB5A9420086B302 /* AppDelegateExtension.swift */ = {isa = PBXFileReference; fileEncoding = 4; lastKnownFileType = sourcecode.swift; path = AppDelegateExtension.swift; sourceTree = "<group>"; };
		5E4C9EE31DB5AB1E0086B302 /* MoviesTableViewExtension.swift */ = {isa = PBXFileReference; fileEncoding = 4; lastKnownFileType = sourcecode.swift; path = MoviesTableViewExtension.swift; sourceTree = "<group>"; };
		5E4C9EE51DB5AB950086B302 /* MoviesCollectionViewExtension.swift */ = {isa = PBXFileReference; fileEncoding = 4; lastKnownFileType = sourcecode.swift; path = MoviesCollectionViewExtension.swift; sourceTree = "<group>"; };
		5E4C9EE71DB5AD090086B302 /* MoviesScrollViewExtension.swift */ = {isa = PBXFileReference; fileEncoding = 4; lastKnownFileType = sourcecode.swift; path = MoviesScrollViewExtension.swift; sourceTree = "<group>"; };
/* End PBXFileReference section */

/* Begin PBXFrameworksBuildPhase section */
		5E30D3901DB036C30092AA5F /* Frameworks */ = {
			isa = PBXFrameworksBuildPhase;
			buildActionMask = 2147483647;
			files = (
				5E4C9EC51DB5671B0086B302 /* Pods_Flicks.framework in Frameworks */,
				5E4C9EC31DB567140086B302 /* AFNetworking.framework in Frameworks */,
				5E4C9EC11DB565310086B302 /* KVNProgress.framework in Frameworks */,
				5E30D3AB1DB0388B0092AA5F /* SwiftyJSON.framework in Frameworks */,
			);
			runOnlyForDeploymentPostprocessing = 0;
		};
/* End PBXFrameworksBuildPhase section */

/* Begin PBXGroup section */
		2B13F83FE91DA3243DBA03E9 /* Pods */ = {
			isa = PBXGroup;
			children = (
				2B6E7A003D865597A1570501 /* Pods-Flicks.debug.xcconfig */,
				1B8527273BB3722D637E87A4 /* Pods-Flicks.release.xcconfig */,
			);
			name = Pods;
			sourceTree = "<group>";
		};
		5E30D38A1DB036C30092AA5F = {
			isa = PBXGroup;
			children = (
				5E4C9EA71DB5650B0086B302 /* Week1_Flicks */,
				5E30D3941DB036C30092AA5F /* Products */,
				2B13F83FE91DA3243DBA03E9 /* Pods */,
				8A4FE10BF7B9D534D54F4541 /* Frameworks */,
			);
			sourceTree = "<group>";
		};
		5E30D3941DB036C30092AA5F /* Products */ = {
			isa = PBXGroup;
			children = (
				5E30D3931DB036C30092AA5F /* Flicks.app */,
			);
			name = Products;
			sourceTree = "<group>";
		};
		5E4C9EA71DB5650B0086B302 /* Week1_Flicks */ = {
			isa = PBXGroup;
			children = (
				5E4C9EA81DB5650B0086B302 /* AppDelegate.swift */,
				5E4C9EE11DB5A9420086B302 /* AppDelegateExtension.swift */,
				5E4C9EB11DB5650B0086B302 /* Movie.swift */,
				5E4C9EB21DB5650B0086B302 /* MovieCell.swift */,
				5E4C9EB31DB5650B0086B302 /* MovieGridCell.swift */,
				5E4C9EB41DB5650B0086B302 /* MoviesViewController.swift */,
				5E4C9EE31DB5AB1E0086B302 /* MoviesTableViewExtension.swift */,
				5E4C9EE51DB5AB950086B302 /* MoviesCollectionViewExtension.swift */,
				5E4C9EE71DB5AD090086B302 /* MoviesScrollViewExtension.swift */,
				5E4C9EAE1DB5650B0086B302 /* DetailViewController.swift */,
				5E4C9EAF1DB5650B0086B302 /* IJReachability.swift */,
				5E4C9EDF1DB57E420086B302 /* Extensions.swift */,
				5E4C9EA91DB5650B0086B302 /* Assets.xcassets */,
				5E4C9EAA1DB5650B0086B302 /* LaunchScreen.storyboard */,
				5E4C9EAC1DB5650B0086B302 /* Main.storyboard */,
				5E4C9EB01DB5650B0086B302 /* Info.plist */,
			);
			path = Week1_Flicks;
			sourceTree = "<group>";
		};
		8A4FE10BF7B9D534D54F4541 /* Frameworks */ = {
			isa = PBXGroup;
			children = (
				5E4C9EC41DB5671B0086B302 /* Pods_Flicks.framework */,
				5E4C9EC21DB567140086B302 /* AFNetworking.framework */,
				5E4C9EC01DB565310086B302 /* KVNProgress.framework */,
				5E30D3B41DB2B4950092AA5F /* KVNProgress.framework */,
				5E30D3B21DB2AE520092AA5F /* ARSLineProgress.framework */,
				5E30D3AA1DB0388B0092AA5F /* SwiftyJSON.framework */,
				5E30D3A81DB038870092AA5F /* AFNetworking.framework */,
				0A16CC4F927015F320B7BCFF /* Pods_Flicks.framework */,
			);
			name = Frameworks;
			sourceTree = "<group>";
		};
/* End PBXGroup section */

/* Begin PBXNativeTarget section */
		5E30D3921DB036C30092AA5F /* Flicks */ = {
			isa = PBXNativeTarget;
			buildConfigurationList = 5E30D3A51DB036C30092AA5F /* Build configuration list for PBXNativeTarget "Flicks" */;
			buildPhases = (
				10E9D1C9F1A2A6BB479685DA /* [CP] Check Pods Manifest.lock */,
				5E30D38F1DB036C30092AA5F /* Sources */,
				5E30D3901DB036C30092AA5F /* Frameworks */,
				5E30D3911DB036C30092AA5F /* Resources */,
				41689F35C424C5609A87C173 /* [CP] Embed Pods Frameworks */,
				8B7B9AFE611163AD729A6DE6 /* [CP] Copy Pods Resources */,
			);
			buildRules = (
			);
			dependencies = (
			);
			name = Flicks;
			productName = Flicks;
			productReference = 5E30D3931DB036C30092AA5F /* Flicks.app */;
			productType = "com.apple.product-type.application";
		};
/* End PBXNativeTarget section */

/* Begin PBXProject section */
		5E30D38B1DB036C30092AA5F /* Project object */ = {
			isa = PBXProject;
			attributes = {
				LastSwiftUpdateCheck = 0800;
				LastUpgradeCheck = 0800;
				ORGANIZATIONNAME = codepath;
				TargetAttributes = {
					5E30D3921DB036C30092AA5F = {
						CreatedOnToolsVersion = 8.0;
						ProvisioningStyle = Automatic;
					};
				};
			};
			buildConfigurationList = 5E30D38E1DB036C30092AA5F /* Build configuration list for PBXProject "Flicks" */;
			compatibilityVersion = "Xcode 3.2";
			developmentRegion = English;
			hasScannedForEncodings = 0;
			knownRegions = (
				en,
				Base,
			);
			mainGroup = 5E30D38A1DB036C30092AA5F;
			productRefGroup = 5E30D3941DB036C30092AA5F /* Products */;
			projectDirPath = "";
			projectRoot = "";
			targets = (
				5E30D3921DB036C30092AA5F /* Flicks */,
			);
		};
/* End PBXProject section */

/* Begin PBXResourcesBuildPhase section */
		5E30D3911DB036C30092AA5F /* Resources */ = {
			isa = PBXResourcesBuildPhase;
			buildActionMask = 2147483647;
			files = (
				5E4C9EBB1DB5650B0086B302 /* Info.plist in Resources */,
				5E4C9EB81DB5650B0086B302 /* Main.storyboard in Resources */,
				5E4C9EB61DB5650B0086B302 /* Assets.xcassets in Resources */,
				5E4C9EB71DB5650B0086B302 /* LaunchScreen.storyboard in Resources */,
			);
			runOnlyForDeploymentPostprocessing = 0;
		};
/* End PBXResourcesBuildPhase section */

/* Begin PBXShellScriptBuildPhase section */
		10E9D1C9F1A2A6BB479685DA /* [CP] Check Pods Manifest.lock */ = {
			isa = PBXShellScriptBuildPhase;
			buildActionMask = 2147483647;
			files = (
			);
			inputPaths = (
			);
			name = "[CP] Check Pods Manifest.lock";
			outputPaths = (
			);
			runOnlyForDeploymentPostprocessing = 0;
			shellPath = /bin/sh;
			shellScript = "diff \"${PODS_ROOT}/../Podfile.lock\" \"${PODS_ROOT}/Manifest.lock\" > /dev/null\nif [[ $? != 0 ]] ; then\n    cat << EOM\nerror: The sandbox is not in sync with the Podfile.lock. Run 'pod install' or update your CocoaPods installation.\nEOM\n    exit 1\nfi\n";
			showEnvVarsInLog = 0;
		};
		41689F35C424C5609A87C173 /* [CP] Embed Pods Frameworks */ = {
			isa = PBXShellScriptBuildPhase;
			buildActionMask = 2147483647;
			files = (
			);
			inputPaths = (
			);
			name = "[CP] Embed Pods Frameworks";
			outputPaths = (
			);
			runOnlyForDeploymentPostprocessing = 0;
			shellPath = /bin/sh;
			shellScript = "\"${SRCROOT}/Pods/Target Support Files/Pods-Flicks/Pods-Flicks-frameworks.sh\"\n";
			showEnvVarsInLog = 0;
		};
		8B7B9AFE611163AD729A6DE6 /* [CP] Copy Pods Resources */ = {
			isa = PBXShellScriptBuildPhase;
			buildActionMask = 2147483647;
			files = (
			);
			inputPaths = (
			);
			name = "[CP] Copy Pods Resources";
			outputPaths = (
			);
			runOnlyForDeploymentPostprocessing = 0;
			shellPath = /bin/sh;
			shellScript = "\"${SRCROOT}/Pods/Target Support Files/Pods-Flicks/Pods-Flicks-resources.sh\"\n";
			showEnvVarsInLog = 0;
		};
/* End PBXShellScriptBuildPhase section */

/* Begin PBXSourcesBuildPhase section */
		5E30D38F1DB036C30092AA5F /* Sources */ = {
			isa = PBXSourcesBuildPhase;
			buildActionMask = 2147483647;
			files = (
				5E4C9EE81DB5AD090086B302 /* MoviesScrollViewExtension.swift in Sources */,
				5E4C9EBA1DB5650B0086B302 /* IJReachability.swift in Sources */,
				5E4C9EB51DB5650B0086B302 /* AppDelegate.swift in Sources */,
				5E4C9EBC1DB5650B0086B302 /* Movie.swift in Sources */,
				5E4C9EE01DB57E420086B302 /* Extensions.swift in Sources */,
				5E4C9EE61DB5AB950086B302 /* MoviesCollectionViewExtension.swift in Sources */,
				5E4C9EBD1DB5650B0086B302 /* MovieCell.swift in Sources */,
				5E4C9EBE1DB5650B0086B302 /* MovieGridCell.swift in Sources */,
				5E4C9EBF1DB5650B0086B302 /* MoviesViewController.swift in Sources */,
				5E4C9EE21DB5A9420086B302 /* AppDelegateExtension.swift in Sources */,
				5E4C9EE41DB5AB1E0086B302 /* MoviesTableViewExtension.swift in Sources */,
				5E4C9EB91DB5650B0086B302 /* DetailViewController.swift in Sources */,
			);
			runOnlyForDeploymentPostprocessing = 0;
		};
/* End PBXSourcesBuildPhase section */

/* Begin PBXVariantGroup section */
		5E4C9EAA1DB5650B0086B302 /* LaunchScreen.storyboard */ = {
			isa = PBXVariantGroup;
			children = (
				5E4C9EAB1DB5650B0086B302 /* Base */,
			);
			name = LaunchScreen.storyboard;
			sourceTree = "<group>";
		};
		5E4C9EAC1DB5650B0086B302 /* Main.storyboard */ = {
			isa = PBXVariantGroup;
			children = (
				5E4C9EAD1DB5650B0086B302 /* Base */,
			);
			name = Main.storyboard;
			sourceTree = "<group>";
		};
/* End PBXVariantGroup section */

/* Begin XCBuildConfiguration section */
		5E30D3A31DB036C30092AA5F /* Debug */ = {
			isa = XCBuildConfiguration;
			buildSettings = {
				ALWAYS_SEARCH_USER_PATHS = NO;
				CLANG_ANALYZER_NONNULL = YES;
				CLANG_CXX_LANGUAGE_STANDARD = "gnu++0x";
				CLANG_CXX_LIBRARY = "libc++";
				CLANG_ENABLE_MODULES = YES;
				CLANG_ENABLE_OBJC_ARC = YES;
				CLANG_WARN_BOOL_CONVERSION = YES;
				CLANG_WARN_CONSTANT_CONVERSION = YES;
				CLANG_WARN_DIRECT_OBJC_ISA_USAGE = YES_ERROR;
				CLANG_WARN_DOCUMENTATION_COMMENTS = YES;
				CLANG_WARN_EMPTY_BODY = YES;
				CLANG_WARN_ENUM_CONVERSION = YES;
				CLANG_WARN_INFINITE_RECURSION = YES;
				CLANG_WARN_INT_CONVERSION = YES;
				CLANG_WARN_OBJC_ROOT_CLASS = YES_ERROR;
				CLANG_WARN_SUSPICIOUS_MOVES = YES;
				CLANG_WARN_UNREACHABLE_CODE = YES;
				CLANG_WARN__DUPLICATE_METHOD_MATCH = YES;
				"CODE_SIGN_IDENTITY[sdk=iphoneos*]" = "iPhone Developer";
				COPY_PHASE_STRIP = NO;
				DEBUG_INFORMATION_FORMAT = dwarf;
				ENABLE_STRICT_OBJC_MSGSEND = YES;
				ENABLE_TESTABILITY = YES;
				GCC_C_LANGUAGE_STANDARD = gnu99;
				GCC_DYNAMIC_NO_PIC = NO;
				GCC_NO_COMMON_BLOCKS = YES;
				GCC_OPTIMIZATION_LEVEL = 0;
				GCC_PREPROCESSOR_DEFINITIONS = (
					"DEBUG=1",
					"$(inherited)",
				);
				GCC_WARN_64_TO_32_BIT_CONVERSION = YES;
				GCC_WARN_ABOUT_RETURN_TYPE = YES_ERROR;
				GCC_WARN_UNDECLARED_SELECTOR = YES;
				GCC_WARN_UNINITIALIZED_AUTOS = YES_AGGRESSIVE;
				GCC_WARN_UNUSED_FUNCTION = YES;
				GCC_WARN_UNUSED_VARIABLE = YES;
				IPHONEOS_DEPLOYMENT_TARGET = 10.0;
				MTL_ENABLE_DEBUG_INFO = YES;
				ONLY_ACTIVE_ARCH = YES;
				SDKROOT = iphoneos;
				SWIFT_ACTIVE_COMPILATION_CONDITIONS = DEBUG;
				SWIFT_OPTIMIZATION_LEVEL = "-Onone";
				TARGETED_DEVICE_FAMILY = "1,2";
			};
			name = Debug;
		};
		5E30D3A41DB036C30092AA5F /* Release */ = {
			isa = XCBuildConfiguration;
			buildSettings = {
				ALWAYS_SEARCH_USER_PATHS = NO;
				CLANG_ANALYZER_NONNULL = YES;
				CLANG_CXX_LANGUAGE_STANDARD = "gnu++0x";
				CLANG_CXX_LIBRARY = "libc++";
				CLANG_ENABLE_MODULES = YES;
				CLANG_ENABLE_OBJC_ARC = YES;
				CLANG_WARN_BOOL_CONVERSION = YES;
				CLANG_WARN_CONSTANT_CONVERSION = YES;
				CLANG_WARN_DIRECT_OBJC_ISA_USAGE = YES_ERROR;
				CLANG_WARN_DOCUMENTATION_COMMENTS = YES;
				CLANG_WARN_EMPTY_BODY = YES;
				CLANG_WARN_ENUM_CONVERSION = YES;
				CLANG_WARN_INFINITE_RECURSION = YES;
				CLANG_WARN_INT_CONVERSION = YES;
				CLANG_WARN_OBJC_ROOT_CLASS = YES_ERROR;
				CLANG_WARN_SUSPICIOUS_MOVES = YES;
				CLANG_WARN_UNREACHABLE_CODE = YES;
				CLANG_WARN__DUPLICATE_METHOD_MATCH = YES;
				"CODE_SIGN_IDENTITY[sdk=iphoneos*]" = "iPhone Developer";
				COPY_PHASE_STRIP = NO;
				DEBUG_INFORMATION_FORMAT = "dwarf-with-dsym";
				ENABLE_NS_ASSERTIONS = NO;
				ENABLE_STRICT_OBJC_MSGSEND = YES;
				GCC_C_LANGUAGE_STANDARD = gnu99;
				GCC_NO_COMMON_BLOCKS = YES;
				GCC_WARN_64_TO_32_BIT_CONVERSION = YES;
				GCC_WARN_ABOUT_RETURN_TYPE = YES_ERROR;
				GCC_WARN_UNDECLARED_SELECTOR = YES;
				GCC_WARN_UNINITIALIZED_AUTOS = YES_AGGRESSIVE;
				GCC_WARN_UNUSED_FUNCTION = YES;
				GCC_WARN_UNUSED_VARIABLE = YES;
				IPHONEOS_DEPLOYMENT_TARGET = 10.0;
				MTL_ENABLE_DEBUG_INFO = NO;
				SDKROOT = iphoneos;
				SWIFT_OPTIMIZATION_LEVEL = "-Owholemodule";
				TARGETED_DEVICE_FAMILY = "1,2";
				VALIDATE_PRODUCT = YES;
			};
			name = Release;
		};
		5E30D3A61DB036C30092AA5F /* Debug */ = {
			isa = XCBuildConfiguration;
			baseConfigurationReference = 2B6E7A003D865597A1570501 /* Pods-Flicks.debug.xcconfig */;
			buildSettings = {
				ASSETCATALOG_COMPILER_APPICON_NAME = AppIcon;
				FRAMEWORK_SEARCH_PATHS = (
					"$(inherited)",
					"$(PROJECT_DIR)/build/Debug-iphoneos/AFNetworking",
					"$(PROJECT_DIR)/build/Debug-iphoneos/KVNProgress",
				);
				INFOPLIST_FILE = "$(SRCROOT)/Week1_Flicks/Info.plist";
				LD_RUNPATH_SEARCH_PATHS = "$(inherited) @executable_path/Frameworks";
				PRODUCT_BUNDLE_IDENTIFIER = com.codepath.Flicks;
				PRODUCT_NAME = "$(TARGET_NAME)";
				SWIFT_VERSION = 3.0;
			};
			name = Debug;
		};
		5E30D3A71DB036C30092AA5F /* Release */ = {
			isa = XCBuildConfiguration;
			baseConfigurationReference = 1B8527273BB3722D637E87A4 /* Pods-Flicks.release.xcconfig */;
			buildSettings = {
				ASSETCATALOG_COMPILER_APPICON_NAME = AppIcon;
				FRAMEWORK_SEARCH_PATHS = (
					"$(inherited)",
					"$(PROJECT_DIR)/build/Debug-iphoneos/AFNetworking",
					"$(PROJECT_DIR)/build/Debug-iphoneos/KVNProgress",
				);
				INFOPLIST_FILE = "$(SRCROOT)/Week1_Flicks/Info.plist";
				LD_RUNPATH_SEARCH_PATHS = "$(inherited) @executable_path/Frameworks";
				PRODUCT_BUNDLE_IDENTIFIER = com.codepath.Flicks;
				PRODUCT_NAME = "$(TARGET_NAME)";
				SWIFT_VERSION = 3.0;
			};
			name = Release;
		};
/* End XCBuildConfiguration section */

/* Begin XCConfigurationList section */
		5E30D38E1DB036C30092AA5F /* Build configuration list for PBXProject "Flicks" */ = {
			isa = XCConfigurationList;
			buildConfigurations = (
				5E30D3A31DB036C30092AA5F /* Debug */,
				5E30D3A41DB036C30092AA5F /* Release */,
			);
			defaultConfigurationIsVisible = 0;
			defaultConfigurationName = Release;
		};
		5E30D3A51DB036C30092AA5F /* Build configuration list for PBXNativeTarget "Flicks" */ = {
			isa = XCConfigurationList;
			buildConfigurations = (
				5E30D3A61DB036C30092AA5F /* Debug */,
				5E30D3A71DB036C30092AA5F /* Release */,
			);
			defaultConfigurationIsVisible = 0;
			defaultConfigurationName = Release;
		};
/* End XCConfigurationList section */
	};
	rootObject = 5E30D38B1DB036C30092AA5F /* Project object */;
}
